
Microsoft Visual Studio Solution File, Format Version 12.00
# Visual Studio Version 16
VisualStudioVersion = 16.0.31624.102
MinimumVisualStudioVersion = 10.0.40219.1
Project("{FAE04EC0-301F-11D3-BF4B-00C04F79EFBC}") = "zzz", "zzz\zzz.csproj", "{33BC332D-0D68-409F-9199-5064C565A754}"
EndProject
Global
	GlobalSection(SolutionConfigurationPlatforms) = preSolution
		Debug|Any CPU = Debug|Any CPU
		Release|Any CPU = Release|Any CPU
	EndGlobalSection
	GlobalSection(ProjectConfigurationPlatforms) = postSolution
		{33BC332D-0D68-409F-9199-5064C565A754}.Debug|Any CPU.ActiveCfg = Debug|Any CPU
		{33BC332D-0D68-409F-9199-5064C565A754}.Debug|Any CPU.Build.0 = Debug|Any CPU
		{33BC332D-0D68-409F-9199-5064C565A754}.Release|Any CPU.ActiveCfg = Release|Any CPU
		{33BC332D-0D68-409F-9199-5064C565A754}.Release|Any CPU.Build.0 = Release|Any CPU
	EndGlobalSection
	GlobalSection(SolutionProperties) = preSolution
		HideSolutionNode = FALSE
	EndGlobalSection
	GlobalSection(ExtensibilityGlobals) = postSolution
		SolutionGuid = {166F21D1-DBC6-46A9-845F-675B3317F58D}
	EndGlobalSection
EndGlobal
